
Microsoft Visual Studio Solution File, Format Version 12.00
# Visual Studio Version 16
VisualStudioVersion = 16.0.30320.27
MinimumVisualStudioVersion = 10.0.40219.1
Project("{FAE04EC0-301F-11D3-BF4B-00C04F79EFBC}") = "maze-backtracking", "maze-backtracking\maze-backtracking.csproj", "{F4588C64-434D-4D13-91E4-B7A6A4ECC09F}"
EndProject
Global
	GlobalSection(SolutionConfigurationPlatforms) = preSolution
		Debug|Any CPU = Debug|Any CPU
		Release|Any CPU = Release|Any CPU
	EndGlobalSection
	GlobalSection(ProjectConfigurationPlatforms) = postSolution
		{F4588C64-434D-4D13-91E4-B7A6A4ECC09F}.Debug|Any CPU.ActiveCfg = Debug|Any CPU
		{F4588C64-434D-4D13-91E4-B7A6A4ECC09F}.Debug|Any CPU.Build.0 = Debug|Any CPU
		{F4588C64-434D-4D13-91E4-B7A6A4ECC09F}.Release|Any CPU.ActiveCfg = Release|Any CPU
		{F4588C64-434D-4D13-91E4-B7A6A4ECC09F}.Release|Any CPU.Build.0 = Release|Any CPU
	EndGlobalSection
	GlobalSection(SolutionProperties) = preSolution
		HideSolutionNode = FALSE
	EndGlobalSection
	GlobalSection(ExtensibilityGlobals) = postSolution
		SolutionGuid = {A8974E9E-84D2-4199-AB6A-9331D45741BB}
	EndGlobalSection
EndGlobal
